
Microsoft Visual Studio Solution File, Format Version 12.00
# Visual Studio Version 16
VisualStudioVersion = 16.0.31205.134
MinimumVisualStudioVersion = 10.0.40219.1
Project("{FAE04EC0-301F-11D3-BF4B-00C04F79EFBC}") = "VintageGamesCollector", "VintageGamesCollector.csproj", "{6242AB52-78D5-42F2-9412-8850D44A101F}"
EndProject
Global
	GlobalSection(SolutionConfigurationPlatforms) = preSolution
		Debug|Any CPU = Debug|Any CPU
		Release|Any CPU = Release|Any CPU
	EndGlobalSection
	GlobalSection(ProjectConfigurationPlatforms) = postSolution
		{6242AB52-78D5-42F2-9412-8850D44A101F}.Debug|Any CPU.ActiveCfg = Debug|Any CPU
		{6242AB52-78D5-42F2-9412-8850D44A101F}.Debug|Any CPU.Build.0 = Debug|Any CPU
		{6242AB52-78D5-42F2-9412-8850D44A101F}.Release|Any CPU.ActiveCfg = Release|Any CPU
		{6242AB52-78D5-42F2-9412-8850D44A101F}.Release|Any CPU.Build.0 = Release|Any CPU
	EndGlobalSection
	GlobalSection(SolutionProperties) = preSolution
		HideSolutionNode = FALSE
	EndGlobalSection
	GlobalSection(ExtensibilityGlobals) = postSolution
		SolutionGuid = {2493CF82-84B1-4DC0-AFF1-A5C9BE65BBDD}
	EndGlobalSection
EndGlobal
